// !$*UTF8*$!
{
	archiveVersion = 1;
	classes = {
	};
	objectVersion = 50;
	objects = {

/* Begin PBXBuildFile section */
		5625F5A221DEF90800FF090D /* RZZCollectionHeaderView.swift in Sources */ = {isa = PBXBuildFile; fileRef = 5625F5A021DEF90800FF090D /* RZZCollectionHeaderView.swift */; };
		5625F5A321DEF90800FF090D /* RZZCollectionHeaderView.xib in Resources */ = {isa = PBXBuildFile; fileRef = 5625F5A121DEF90800FF090D /* RZZCollectionHeaderView.xib */; };
		5625F5A621DF3A4700FF090D /* RZZCollectionNormalCell.swift in Sources */ = {isa = PBXBuildFile; fileRef = 5625F5A421DF3A4700FF090D /* RZZCollectionNormalCell.swift */; };
		5625F5A721DF3A4700FF090D /* RZZCollectionNormalCell.xib in Resources */ = {isa = PBXBuildFile; fileRef = 5625F5A521DF3A4700FF090D /* RZZCollectionNormalCell.xib */; };
		5625F5AA21DF3FE200FF090D /* RZZCollectionPrettyCell.swift in Sources */ = {isa = PBXBuildFile; fileRef = 5625F5A821DF3FE200FF090D /* RZZCollectionPrettyCell.swift */; };
		5625F5AB21DF3FE200FF090D /* RZZCollectionPrettyCell.xib in Resources */ = {isa = PBXBuildFile; fileRef = 5625F5A921DF3FE200FF090D /* RZZCollectionPrettyCell.xib */; };
		5625F5AD21DF4EC100FF090D /* RZZNetWorkTools.swift in Sources */ = {isa = PBXBuildFile; fileRef = 5625F5AC21DF4EC100FF090D /* RZZNetWorkTools.swift */; };
		5634BCAA21DA5C1500F41973 /* AppDelegate.swift in Sources */ = {isa = PBXBuildFile; fileRef = 5634BCA921DA5C1500F41973 /* AppDelegate.swift */; };
		5634BCB121DA5C1600F41973 /* Assets.xcassets in Resources */ = {isa = PBXBuildFile; fileRef = 5634BCB021DA5C1600F41973 /* Assets.xcassets */; };
		5634BCB421DA5C1600F41973 /* LaunchScreen.storyboard in Resources */ = {isa = PBXBuildFile; fileRef = 5634BCB221DA5C1600F41973 /* LaunchScreen.storyboard */; };
		5653A4E521E1034C00D919A2 /* RZZRecommendCycleView.swift in Sources */ = {isa = PBXBuildFile; fileRef = 5653A4E421E1034C00D919A2 /* RZZRecommendCycleView.swift */; };
		5653A4E721E1036200D919A2 /* RZZRecommendCycleView.xib in Resources */ = {isa = PBXBuildFile; fileRef = 5653A4E621E1036200D919A2 /* RZZRecommendCycleView.xib */; };
		5653A4E921E117D500D919A2 /* RZZCycleModel.swift in Sources */ = {isa = PBXBuildFile; fileRef = 5653A4E821E117D500D919A2 /* RZZCycleModel.swift */; };
		5653A4EC21E11ED500D919A2 /* RZZCollectionCycleCell.swift in Sources */ = {isa = PBXBuildFile; fileRef = 5653A4EA21E11ED500D919A2 /* RZZCollectionCycleCell.swift */; };
		5653A4ED21E11ED500D919A2 /* RZZCollectionCycleCell.xib in Resources */ = {isa = PBXBuildFile; fileRef = 5653A4EB21E11ED500D919A2 /* RZZCollectionCycleCell.xib */; };
		565A6DBA21DCEB3F001C0EDC /* RZZRecommendViewController.swift in Sources */ = {isa = PBXBuildFile; fileRef = 565A6DB821DCEB3F001C0EDC /* RZZRecommendViewController.swift */; };
		565A6DBB21DCEB3F001C0EDC /* RZZRecommendViewController.xib in Resources */ = {isa = PBXBuildFile; fileRef = 565A6DB921DCEB3F001C0EDC /* RZZRecommendViewController.xib */; };
		566FA84E21DB2CF7002D23D0 /* RZZTabBarViewController.swift in Sources */ = {isa = PBXBuildFile; fileRef = 566FA84D21DB2CF7002D23D0 /* RZZTabBarViewController.swift */; };
		566FA85021DB32DA002D23D0 /* RZZNavigationViewController.swift in Sources */ = {isa = PBXBuildFile; fileRef = 566FA84F21DB32DA002D23D0 /* RZZNavigationViewController.swift */; };
		566FA85221DB3677002D23D0 /* RZZBaseViewController.swift in Sources */ = {isa = PBXBuildFile; fileRef = 566FA85121DB3677002D23D0 /* RZZBaseViewController.swift */; };
		566FA85521DB3DD9002D23D0 /* RZZHomeViewController.swift in Sources */ = {isa = PBXBuildFile; fileRef = 566FA85321DB3DD9002D23D0 /* RZZHomeViewController.swift */; };
		566FA85B21DB3DFA002D23D0 /* RZZLiveViewController.swift in Sources */ = {isa = PBXBuildFile; fileRef = 566FA85921DB3DFA002D23D0 /* RZZLiveViewController.swift */; };
		566FA85C21DB3DFA002D23D0 /* RZZLiveViewController.xib in Resources */ = {isa = PBXBuildFile; fileRef = 566FA85A21DB3DFA002D23D0 /* RZZLiveViewController.xib */; };
		566FA85F21DB3E08002D23D0 /* RZZFollowViewController.swift in Sources */ = {isa = PBXBuildFile; fileRef = 566FA85D21DB3E08002D23D0 /* RZZFollowViewController.swift */; };
		566FA86021DB3E08002D23D0 /* RZZFollowViewController.xib in Resources */ = {isa = PBXBuildFile; fileRef = 566FA85E21DB3E08002D23D0 /* RZZFollowViewController.xib */; };
		566FA86321DB3E19002D23D0 /* RZZMyViewController.swift in Sources */ = {isa = PBXBuildFile; fileRef = 566FA86121DB3E19002D23D0 /* RZZMyViewController.swift */; };
		566FA86421DB3E19002D23D0 /* RZZMyViewController.xib in Resources */ = {isa = PBXBuildFile; fileRef = 566FA86221DB3E19002D23D0 /* RZZMyViewController.xib */; };
		566FA86721DB5CE7002D23D0 /* UIBarButtonItem-extension.swift in Sources */ = {isa = PBXBuildFile; fileRef = 566FA86621DB5CE7002D23D0 /* UIBarButtonItem-extension.swift */; };
		566FA86A21DB649E002D23D0 /* RZZPageTitleView.swift in Sources */ = {isa = PBXBuildFile; fileRef = 566FA86921DB649E002D23D0 /* RZZPageTitleView.swift */; };
		566FA86C21DB684C002D23D0 /* common.swift in Sources */ = {isa = PBXBuildFile; fileRef = 566FA86B21DB684C002D23D0 /* common.swift */; };
		566FA86E21DB75A0002D23D0 /* RZZPageContentView.swift in Sources */ = {isa = PBXBuildFile; fileRef = 566FA86D21DB75A0002D23D0 /* RZZPageContentView.swift */; };
		566FA87021DB7823002D23D0 /* UIColor-extension.swift in Sources */ = {isa = PBXBuildFile; fileRef = 566FA86F21DB7823002D23D0 /* UIColor-extension.swift */; };
		56D0D71B21E0A03E00BA4231 /* RZZRecommendViewModel.swift in Sources */ = {isa = PBXBuildFile; fileRef = 56D0D71A21E0A03E00BA4231 /* RZZRecommendViewModel.swift */; };
		56D0D71D21E0A79900BA4231 /* NSDate-extension.swift in Sources */ = {isa = PBXBuildFile; fileRef = 56D0D71C21E0A79900BA4231 /* NSDate-extension.swift */; };
		56D0D71F21E0B5D800BA4231 /* RZZAchorGroup.swift in Sources */ = {isa = PBXBuildFile; fileRef = 56D0D71E21E0B5D800BA4231 /* RZZAchorGroup.swift */; };
		56D0D72121E0C2C500BA4231 /* RZZAnchorModel.swift in Sources */ = {isa = PBXBuildFile; fileRef = 56D0D72021E0C2C500BA4231 /* RZZAnchorModel.swift */; };
		A5C425E0CE7511278E48276E /* Pods_DouYuZB.framework in Frameworks */ = {isa = PBXBuildFile; fileRef = 07CD17083CC56182905C4ABB /* Pods_DouYuZB.framework */; };
/* End PBXBuildFile section */

/* Begin PBXFileReference section */
		07CD17083CC56182905C4ABB /* Pods_DouYuZB.framework */ = {isa = PBXFileReference; explicitFileType = wrapper.framework; includeInIndex = 0; path = Pods_DouYuZB.framework; sourceTree = BUILT_PRODUCTS_DIR; };
		0DD3A87B22361D67EC1A9785 /* Pods-DouYuZB.debug.xcconfig */ = {isa = PBXFileReference; includeInIndex = 1; lastKnownFileType = text.xcconfig; name = "Pods-DouYuZB.debug.xcconfig"; path = "Pods/Target Support Files/Pods-DouYuZB/Pods-DouYuZB.debug.xcconfig"; sourceTree = "<group>"; };
		30792BFC4538C0AC7127C5E6 /* Pods-DouYuZB.release.xcconfig */ = {isa = PBXFileReference; includeInIndex = 1; lastKnownFileType = text.xcconfig; name = "Pods-DouYuZB.release.xcconfig"; path = "Pods/Target Support Files/Pods-DouYuZB/Pods-DouYuZB.release.xcconfig"; sourceTree = "<group>"; };
		5625F5A021DEF90800FF090D /* RZZCollectionHeaderView.swift */ = {isa = PBXFileReference; lastKnownFileType = sourcecode.swift; path = RZZCollectionHeaderView.swift; sourceTree = "<group>"; };
		5625F5A121DEF90800FF090D /* RZZCollectionHeaderView.xib */ = {isa = PBXFileReference; lastKnownFileType = file.xib; path = RZZCollectionHeaderView.xib; sourceTree = "<group>"; };
		5625F5A421DF3A4700FF090D /* RZZCollectionNormalCell.swift */ = {isa = PBXFileReference; lastKnownFileType = sourcecode.swift; path = RZZCollectionNormalCell.swift; sourceTree = "<group>"; };
		5625F5A521DF3A4700FF090D /* RZZCollectionNormalCell.xib */ = {isa = PBXFileReference; lastKnownFileType = file.xib; path = RZZCollectionNormalCell.xib; sourceTree = "<group>"; };
		5625F5A821DF3FE200FF090D /* RZZCollectionPrettyCell.swift */ = {isa = PBXFileReference; lastKnownFileType = sourcecode.swift; path = RZZCollectionPrettyCell.swift; sourceTree = "<group>"; };
		5625F5A921DF3FE200FF090D /* RZZCollectionPrettyCell.xib */ = {isa = PBXFileReference; lastKnownFileType = file.xib; path = RZZCollectionPrettyCell.xib; sourceTree = "<group>"; };
		5625F5AC21DF4EC100FF090D /* RZZNetWorkTools.swift */ = {isa = PBXFileReference; lastKnownFileType = sourcecode.swift; path = RZZNetWorkTools.swift; sourceTree = "<group>"; };
		5634BCA621DA5C1500F41973 /* DouYuZB.app */ = {isa = PBXFileReference; explicitFileType = wrapper.application; includeInIndex = 0; path = DouYuZB.app; sourceTree = BUILT_PRODUCTS_DIR; };
		5634BCA921DA5C1500F41973 /* AppDelegate.swift */ = {isa = PBXFileReference; lastKnownFileType = sourcecode.swift; path = AppDelegate.swift; sourceTree = "<group>"; };
		5634BCB021DA5C1600F41973 /* Assets.xcassets */ = {isa = PBXFileReference; lastKnownFileType = folder.assetcatalog; path = Assets.xcassets; sourceTree = "<group>"; };
		5634BCB321DA5C1600F41973 /* Base */ = {isa = PBXFileReference; lastKnownFileType = file.storyboard; name = Base; path = Base.lproj/LaunchScreen.storyboard; sourceTree = "<group>"; };
		5634BCB521DA5C1600F41973 /* Info.plist */ = {isa = PBXFileReference; lastKnownFileType = text.plist.xml; path = Info.plist; sourceTree = "<group>"; };
		5653A4E421E1034C00D919A2 /* RZZRecommendCycleView.swift */ = {isa = PBXFileReference; lastKnownFileType = sourcecode.swift; path = RZZRecommendCycleView.swift; sourceTree = "<group>"; };
		5653A4E621E1036200D919A2 /* RZZRecommendCycleView.xib */ = {isa = PBXFileReference; lastKnownFileType = file.xib; path = RZZRecommendCycleView.xib; sourceTree = "<group>"; };
		5653A4E821E117D500D919A2 /* RZZCycleModel.swift */ = {isa = PBXFileReference; lastKnownFileType = sourcecode.swift; path = RZZCycleModel.swift; sourceTree = "<group>"; };
		5653A4EA21E11ED500D919A2 /* RZZCollectionCycleCell.swift */ = {isa = PBXFileReference; lastKnownFileType = sourcecode.swift; path = RZZCollectionCycleCell.swift; sourceTree = "<group>"; };
		5653A4EB21E11ED500D919A2 /* RZZCollectionCycleCell.xib */ = {isa = PBXFileReference; lastKnownFileType = file.xib; path = RZZCollectionCycleCell.xib; sourceTree = "<group>"; };
		565A6DB821DCEB3F001C0EDC /* RZZRecommendViewController.swift */ = {isa = PBXFileReference; lastKnownFileType = sourcecode.swift; path = RZZRecommendViewController.swift; sourceTree = "<group>"; };
		565A6DB921DCEB3F001C0EDC /* RZZRecommendViewController.xib */ = {isa = PBXFileReference; lastKnownFileType = file.xib; path = RZZRecommendViewController.xib; sourceTree = "<group>"; };
		566FA84D21DB2CF7002D23D0 /* RZZTabBarViewController.swift */ = {isa = PBXFileReference; lastKnownFileType = sourcecode.swift; path = RZZTabBarViewController.swift; sourceTree = "<group>"; };
		566FA84F21DB32DA002D23D0 /* RZZNavigationViewController.swift */ = {isa = PBXFileReference; lastKnownFileType = sourcecode.swift; path = RZZNavigationViewController.swift; sourceTree = "<group>"; };
		566FA85121DB3677002D23D0 /* RZZBaseViewController.swift */ = {isa = PBXFileReference; lastKnownFileType = sourcecode.swift; path = RZZBaseViewController.swift; sourceTree = "<group>"; };
		566FA85321DB3DD9002D23D0 /* RZZHomeViewController.swift */ = {isa = PBXFileReference; lastKnownFileType = sourcecode.swift; path = RZZHomeViewController.swift; sourceTree = "<group>"; };
		566FA85921DB3DFA002D23D0 /* RZZLiveViewController.swift */ = {isa = PBXFileReference; lastKnownFileType = sourcecode.swift; path = RZZLiveViewController.swift; sourceTree = "<group>"; };
		566FA85A21DB3DFA002D23D0 /* RZZLiveViewController.xib */ = {isa = PBXFileReference; lastKnownFileType = file.xib; path = RZZLiveViewController.xib; sourceTree = "<group>"; };
		566FA85D21DB3E08002D23D0 /* RZZFollowViewController.swift */ = {isa = PBXFileReference; lastKnownFileType = sourcecode.swift; path = RZZFollowViewController.swift; sourceTree = "<group>"; };
		566FA85E21DB3E08002D23D0 /* RZZFollowViewController.xib */ = {isa = PBXFileReference; lastKnownFileType = file.xib; path = RZZFollowViewController.xib; sourceTree = "<group>"; };
		566FA86121DB3E19002D23D0 /* RZZMyViewController.swift */ = {isa = PBXFileReference; lastKnownFileType = sourcecode.swift; path = RZZMyViewController.swift; sourceTree = "<group>"; };
		566FA86221DB3E19002D23D0 /* RZZMyViewController.xib */ = {isa = PBXFileReference; lastKnownFileType = file.xib; path = RZZMyViewController.xib; sourceTree = "<group>"; };
		566FA86621DB5CE7002D23D0 /* UIBarButtonItem-extension.swift */ = {isa = PBXFileReference; lastKnownFileType = sourcecode.swift; path = "UIBarButtonItem-extension.swift"; sourceTree = "<group>"; };
		566FA86921DB649E002D23D0 /* RZZPageTitleView.swift */ = {isa = PBXFileReference; lastKnownFileType = sourcecode.swift; path = RZZPageTitleView.swift; sourceTree = "<group>"; };
		566FA86B21DB684C002D23D0 /* common.swift */ = {isa = PBXFileReference; lastKnownFileType = sourcecode.swift; path = common.swift; sourceTree = "<group>"; };
		566FA86D21DB75A0002D23D0 /* RZZPageContentView.swift */ = {isa = PBXFileReference; lastKnownFileType = sourcecode.swift; path = RZZPageContentView.swift; sourceTree = "<group>"; };
		566FA86F21DB7823002D23D0 /* UIColor-extension.swift */ = {isa = PBXFileReference; lastKnownFileType = sourcecode.swift; path = "UIColor-extension.swift"; sourceTree = "<group>"; };
		56D0D71A21E0A03E00BA4231 /* RZZRecommendViewModel.swift */ = {isa = PBXFileReference; lastKnownFileType = sourcecode.swift; path = RZZRecommendViewModel.swift; sourceTree = "<group>"; };
		56D0D71C21E0A79900BA4231 /* NSDate-extension.swift */ = {isa = PBXFileReference; lastKnownFileType = sourcecode.swift; path = "NSDate-extension.swift"; sourceTree = "<group>"; };
		56D0D71E21E0B5D800BA4231 /* RZZAchorGroup.swift */ = {isa = PBXFileReference; lastKnownFileType = sourcecode.swift; path = RZZAchorGroup.swift; sourceTree = "<group>"; };
		56D0D72021E0C2C500BA4231 /* RZZAnchorModel.swift */ = {isa = PBXFileReference; lastKnownFileType = sourcecode.swift; path = RZZAnchorModel.swift; sourceTree = "<group>"; };
/* End PBXFileReference section */

/* Begin PBXFrameworksBuildPhase section */
		5634BCA321DA5C1500F41973 /* Frameworks */ = {
			isa = PBXFrameworksBuildPhase;
			buildActionMask = 2147483647;
			files = (
				A5C425E0CE7511278E48276E /* Pods_DouYuZB.framework in Frameworks */,
			);
			runOnlyForDeploymentPostprocessing = 0;
		};
/* End PBXFrameworksBuildPhase section */

/* Begin PBXGroup section */
		097BD0A33B4619BDC26EB074 /* Frameworks */ = {
			isa = PBXGroup;
			children = (
				07CD17083CC56182905C4ABB /* Pods_DouYuZB.framework */,
			);
			name = Frameworks;
			sourceTree = "<group>";
		};
		2A193CE6421EE6B12EBF4FC7 /* Pods */ = {
			isa = PBXGroup;
			children = (
				0DD3A87B22361D67EC1A9785 /* Pods-DouYuZB.debug.xcconfig */,
				30792BFC4538C0AC7127C5E6 /* Pods-DouYuZB.release.xcconfig */,
			);
			name = Pods;
			sourceTree = "<group>";
		};
		5625F59E21DEF8E200FF090D /* View */ = {
			isa = PBXGroup;
			children = (
				5625F5A021DEF90800FF090D /* RZZCollectionHeaderView.swift */,
				5625F5A121DEF90800FF090D /* RZZCollectionHeaderView.xib */,
				5653A4E421E1034C00D919A2 /* RZZRecommendCycleView.swift */,
				5653A4E621E1036200D919A2 /* RZZRecommendCycleView.xib */,
				5653A4EA21E11ED500D919A2 /* RZZCollectionCycleCell.swift */,
				5653A4EB21E11ED500D919A2 /* RZZCollectionCycleCell.xib */,
			);
			path = View;
			sourceTree = "<group>";
		};
		5625F59F21DEF8F000FF090D /* Model */ = {
			isa = PBXGroup;
			children = (
				56D0D71E21E0B5D800BA4231 /* RZZAchorGroup.swift */,
				56D0D72021E0C2C500BA4231 /* RZZAnchorModel.swift */,
				5653A4E821E117D500D919A2 /* RZZCycleModel.swift */,
			);
			path = Model;
			sourceTree = "<group>";
		};
		5634BC9D21DA5C1500F41973 = {
			isa = PBXGroup;
			children = (
				5634BCA821DA5C1500F41973 /* DouYuZB */,
				5634BCA721DA5C1500F41973 /* Products */,
				2A193CE6421EE6B12EBF4FC7 /* Pods */,
				097BD0A33B4619BDC26EB074 /* Frameworks */,
			);
			sourceTree = "<group>";
		};
		5634BCA721DA5C1500F41973 /* Products */ = {
			isa = PBXGroup;
			children = (
				5634BCA621DA5C1500F41973 /* DouYuZB.app */,
			);
			name = Products;
			sourceTree = "<group>";
		};
		5634BCA821DA5C1500F41973 /* DouYuZB */ = {
			isa = PBXGroup;
			children = (
				5634BCBB21DA625A00F41973 /* Classes */,
				5634BCA921DA5C1500F41973 /* AppDelegate.swift */,
				5634BCB021DA5C1600F41973 /* Assets.xcassets */,
				5634BCB221DA5C1600F41973 /* LaunchScreen.storyboard */,
				5634BCB521DA5C1600F41973 /* Info.plist */,
			);
			path = DouYuZB;
			sourceTree = "<group>";
		};
		5634BCBB21DA625A00F41973 /* Classes */ = {
			isa = PBXGroup;
			children = (
				566FA86821DB6471002D23D0 /* CommonView */,
				5634BCBC21DA626200F41973 /* Main */,
				5634BCBD21DA626A00F41973 /* Home */,
				5634BCBE21DA627C00F41973 /* Live */,
				5634BCBF21DA628100F41973 /* Follow */,
				5634BCC021DA628C00F41973 /* Profile */,
				5634BCC121DA62A000F41973 /* Tools */,
			);
			path = Classes;
			sourceTree = "<group>";
		};
		5634BCBC21DA626200F41973 /* Main */ = {
			isa = PBXGroup;
			children = (
				566FA84D21DB2CF7002D23D0 /* RZZTabBarViewController.swift */,
				566FA84F21DB32DA002D23D0 /* RZZNavigationViewController.swift */,
				566FA85121DB3677002D23D0 /* RZZBaseViewController.swift */,
			);
			path = Main;
			sourceTree = "<group>";
		};
		5634BCBD21DA626A00F41973 /* Home */ = {
			isa = PBXGroup;
			children = (
				5625F59F21DEF8F000FF090D /* Model */,
				5625F59E21DEF8E200FF090D /* View */,
				565A6DB621DCEAD3001C0EDC /* Controller */,
				56D0D71921E09FCE00BA4231 /* ViewModel */,
			);
			path = Home;
			sourceTree = "<group>";
		};
		5634BCBE21DA627C00F41973 /* Live */ = {
			isa = PBXGroup;
			children = (
				566FA85921DB3DFA002D23D0 /* RZZLiveViewController.swift */,
				566FA85A21DB3DFA002D23D0 /* RZZLiveViewController.xib */,
			);
			path = Live;
			sourceTree = "<group>";
		};
		5634BCBF21DA628100F41973 /* Follow */ = {
			isa = PBXGroup;
			children = (
				566FA85D21DB3E08002D23D0 /* RZZFollowViewController.swift */,
				566FA85E21DB3E08002D23D0 /* RZZFollowViewController.xib */,
			);
			path = Follow;
			sourceTree = "<group>";
		};
		5634BCC021DA628C00F41973 /* Profile */ = {
			isa = PBXGroup;
			children = (
				566FA86121DB3E19002D23D0 /* RZZMyViewController.swift */,
				566FA86221DB3E19002D23D0 /* RZZMyViewController.xib */,
			);
			path = Profile;
			sourceTree = "<group>";
		};
		5634BCC121DA62A000F41973 /* Tools */ = {
			isa = PBXGroup;
			children = (
				566FA86521DB5CCD002D23D0 /* extension */,
				566FA86B21DB684C002D23D0 /* common.swift */,
				5625F5AC21DF4EC100FF090D /* RZZNetWorkTools.swift */,
			);
			path = Tools;
			sourceTree = "<group>";
		};
		565A6DB621DCEAD3001C0EDC /* Controller */ = {
			isa = PBXGroup;
			children = (
				566FA85321DB3DD9002D23D0 /* RZZHomeViewController.swift */,
				565A6DB821DCEB3F001C0EDC /* RZZRecommendViewController.swift */,
				565A6DB921DCEB3F001C0EDC /* RZZRecommendViewController.xib */,
			);
			path = Controller;
			sourceTree = "<group>";
		};
		566FA86521DB5CCD002D23D0 /* extension */ = {
			isa = PBXGroup;
			children = (
				566FA86621DB5CE7002D23D0 /* UIBarButtonItem-extension.swift */,
				566FA86F21DB7823002D23D0 /* UIColor-extension.swift */,
				56D0D71C21E0A79900BA4231 /* NSDate-extension.swift */,
			);
			path = extension;
			sourceTree = "<group>";
		};
		566FA86821DB6471002D23D0 /* CommonView */ = {
			isa = PBXGroup;
			children = (
				566FA86921DB649E002D23D0 /* RZZPageTitleView.swift */,
				566FA86D21DB75A0002D23D0 /* RZZPageContentView.swift */,
				5625F5A421DF3A4700FF090D /* RZZCollectionNormalCell.swift */,
				5625F5A521DF3A4700FF090D /* RZZCollectionNormalCell.xib */,
				5625F5A821DF3FE200FF090D /* RZZCollectionPrettyCell.swift */,
				5625F5A921DF3FE200FF090D /* RZZCollectionPrettyCell.xib */,
			);
			path = CommonView;
			sourceTree = "<group>";
		};
		56D0D71921E09FCE00BA4231 /* ViewModel */ = {
			isa = PBXGroup;
			children = (
				56D0D71A21E0A03E00BA4231 /* RZZRecommendViewModel.swift */,
			);
			path = ViewModel;
			sourceTree = "<group>";
		};
/* End PBXGroup section */

/* Begin PBXNativeTarget section */
		5634BCA521DA5C1500F41973 /* DouYuZB */ = {
			isa = PBXNativeTarget;
			buildConfigurationList = 5634BCB821DA5C1600F41973 /* Build configuration list for PBXNativeTarget "DouYuZB" */;
			buildPhases = (
				DBF5A9137BA14622AA63F029 /* [CP] Check Pods Manifest.lock */,
				5634BCA221DA5C1500F41973 /* Sources */,
				5634BCA321DA5C1500F41973 /* Frameworks */,
				5634BCA421DA5C1500F41973 /* Resources */,
				3A1FF989362D98752F91403F /* [CP] Embed Pods Frameworks */,
			);
			buildRules = (
			);
			dependencies = (
			);
			name = DouYuZB;
			productName = DouYuZB;
			productReference = 5634BCA621DA5C1500F41973 /* DouYuZB.app */;
			productType = "com.apple.product-type.application";
		};
/* End PBXNativeTarget section */

/* Begin PBXProject section */
		5634BC9E21DA5C1500F41973 /* Project object */ = {
			isa = PBXProject;
			attributes = {
				CLASSPREFIX = RZZ;
				LastSwiftUpdateCheck = 1000;
				LastUpgradeCheck = 1000;
				ORGANIZATIONNAME = rzz;
				TargetAttributes = {
					5634BCA521DA5C1500F41973 = {
						CreatedOnToolsVersion = 10.0;
						LastSwiftMigration = 1010;
					};
				};
			};
			buildConfigurationList = 5634BCA121DA5C1500F41973 /* Build configuration list for PBXProject "DouYuZB" */;
			compatibilityVersion = "Xcode 9.3";
			developmentRegion = en;
			hasScannedForEncodings = 0;
			knownRegions = (
				en,
				Base,
			);
			mainGroup = 5634BC9D21DA5C1500F41973;
			productRefGroup = 5634BCA721DA5C1500F41973 /* Products */;
			projectDirPath = "";
			projectRoot = "";
			targets = (
				5634BCA521DA5C1500F41973 /* DouYuZB */,
			);
		};
/* End PBXProject section */

/* Begin PBXResourcesBuildPhase section */
		5634BCA421DA5C1500F41973 /* Resources */ = {
			isa = PBXResourcesBuildPhase;
			buildActionMask = 2147483647;
			files = (
				5625F5AB21DF3FE200FF090D /* RZZCollectionPrettyCell.xib in Resources */,
				566FA86021DB3E08002D23D0 /* RZZFollowViewController.xib in Resources */,
				5634BCB421DA5C1600F41973 /* LaunchScreen.storyboard in Resources */,
				5653A4ED21E11ED500D919A2 /* RZZCollectionCycleCell.xib in Resources */,
				5653A4E721E1036200D919A2 /* RZZRecommendCycleView.xib in Resources */,
				5625F5A321DEF90800FF090D /* RZZCollectionHeaderView.xib in Resources */,
				565A6DBB21DCEB3F001C0EDC /* RZZRecommendViewController.xib in Resources */,
				5634BCB121DA5C1600F41973 /* Assets.xcassets in Resources */,
				566FA85C21DB3DFA002D23D0 /* RZZLiveViewController.xib in Resources */,
				566FA86421DB3E19002D23D0 /* RZZMyViewController.xib in Resources */,
				5625F5A721DF3A4700FF090D /* RZZCollectionNormalCell.xib in Resources */,
			);
			runOnlyForDeploymentPostprocessing = 0;
		};
/* End PBXResourcesBuildPhase section */

/* Begin PBXShellScriptBuildPhase section */
		3A1FF989362D98752F91403F /* [CP] Embed Pods Frameworks */ = {
			isa = PBXShellScriptBuildPhase;
			buildActionMask = 2147483647;
			files = (
			);
			inputFileListPaths = (
			);
			inputPaths = (
				"${SRCROOT}/Pods/Target Support Files/Pods-DouYuZB/Pods-DouYuZB-frameworks.sh",
				"${BUILT_PRODUCTS_DIR}/Alamofire/Alamofire.framework",
				"${BUILT_PRODUCTS_DIR}/Kingfisher/Kingfisher.framework",
			);
			name = "[CP] Embed Pods Frameworks";
			outputFileListPaths = (
			);
			outputPaths = (
				"${TARGET_BUILD_DIR}/${FRAMEWORKS_FOLDER_PATH}/Alamofire.framework",
				"${TARGET_BUILD_DIR}/${FRAMEWORKS_FOLDER_PATH}/Kingfisher.framework",
			);
			runOnlyForDeploymentPostprocessing = 0;
			shellPath = /bin/sh;
			shellScript = "\"${SRCROOT}/Pods/Target Support Files/Pods-DouYuZB/Pods-DouYuZB-frameworks.sh\"\n";
			showEnvVarsInLog = 0;
		};
		DBF5A9137BA14622AA63F029 /* [CP] Check Pods Manifest.lock */ = {
			isa = PBXShellScriptBuildPhase;
			buildActionMask = 2147483647;
			files = (
			);
			inputFileListPaths = (
			);
			inputPaths = (
				"${PODS_PODFILE_DIR_PATH}/Podfile.lock",
				"${PODS_ROOT}/Manifest.lock",
			);
			name = "[CP] Check Pods Manifest.lock";
			outputFileListPaths = (
			);
			outputPaths = (
				"$(DERIVED_FILE_DIR)/Pods-DouYuZB-checkManifestLockResult.txt",
			);
			runOnlyForDeploymentPostprocessing = 0;
			shellPath = /bin/sh;
			shellScript = "diff \"${PODS_PODFILE_DIR_PATH}/Podfile.lock\" \"${PODS_ROOT}/Manifest.lock\" > /dev/null\nif [ $? != 0 ] ; then\n    # print error to STDERR\n    echo \"error: The sandbox is not in sync with the Podfile.lock. Run 'pod install' or update your CocoaPods installation.\" >&2\n    exit 1\nfi\n# This output is used by Xcode 'outputs' to avoid re-running this script phase.\necho \"SUCCESS\" > \"${SCRIPT_OUTPUT_FILE_0}\"\n";
			showEnvVarsInLog = 0;
		};
/* End PBXShellScriptBuildPhase section */

/* Begin PBXSourcesBuildPhase section */
		5634BCA221DA5C1500F41973 /* Sources */ = {
			isa = PBXSourcesBuildPhase;
			buildActionMask = 2147483647;
			files = (
				566FA86E21DB75A0002D23D0 /* RZZPageContentView.swift in Sources */,
				56D0D72121E0C2C500BA4231 /* RZZAnchorModel.swift in Sources */,
				566FA87021DB7823002D23D0 /* UIColor-extension.swift in Sources */,
				56D0D71D21E0A79900BA4231 /* NSDate-extension.swift in Sources */,
				5625F5AA21DF3FE200FF090D /* RZZCollectionPrettyCell.swift in Sources */,
				566FA85021DB32DA002D23D0 /* RZZNavigationViewController.swift in Sources */,
				5625F5A621DF3A4700FF090D /* RZZCollectionNormalCell.swift in Sources */,
				566FA86A21DB649E002D23D0 /* RZZPageTitleView.swift in Sources */,
				5625F5A221DEF90800FF090D /* RZZCollectionHeaderView.swift in Sources */,
				5653A4E521E1034C00D919A2 /* RZZRecommendCycleView.swift in Sources */,
				5634BCAA21DA5C1500F41973 /* AppDelegate.swift in Sources */,
				566FA86C21DB684C002D23D0 /* common.swift in Sources */,
				566FA85221DB3677002D23D0 /* RZZBaseViewController.swift in Sources */,
				5653A4E921E117D500D919A2 /* RZZCycleModel.swift in Sources */,
				566FA85521DB3DD9002D23D0 /* RZZHomeViewController.swift in Sources */,
				5653A4EC21E11ED500D919A2 /* RZZCollectionCycleCell.swift in Sources */,
				565A6DBA21DCEB3F001C0EDC /* RZZRecommendViewController.swift in Sources */,
				566FA85F21DB3E08002D23D0 /* RZZFollowViewController.swift in Sources */,
				56D0D71B21E0A03E00BA4231 /* RZZRecommendViewModel.swift in Sources */,
				56D0D71F21E0B5D800BA4231 /* RZZAchorGroup.swift in Sources */,
				566FA84E21DB2CF7002D23D0 /* RZZTabBarViewController.swift in Sources */,
				566FA86721DB5CE7002D23D0 /* UIBarButtonItem-extension.swift in Sources */,
				5625F5AD21DF4EC100FF090D /* RZZNetWorkTools.swift in Sources */,
				566FA85B21DB3DFA002D23D0 /* RZZLiveViewController.swift in Sources */,
				566FA86321DB3E19002D23D0 /* RZZMyViewController.swift in Sources */,
			);
			runOnlyForDeploymentPostprocessing = 0;
		};
/* End PBXSourcesBuildPhase section */

/* Begin PBXVariantGroup section */
		5634BCB221DA5C1600F41973 /* LaunchScreen.storyboard */ = {
			isa = PBXVariantGroup;
			children = (
				5634BCB321DA5C1600F41973 /* Base */,
			);
			name = LaunchScreen.storyboard;
			sourceTree = "<group>";
		};
/* End PBXVariantGroup section */

/* Begin XCBuildConfiguration section */
		5634BCB621DA5C1600F41973 /* Debug */ = {
			isa = XCBuildConfiguration;
			buildSettings = {
				ALWAYS_SEARCH_USER_PATHS = NO;
				CLANG_ANALYZER_NONNULL = YES;
				CLANG_ANALYZER_NUMBER_OBJECT_CONVERSION = YES_AGGRESSIVE;
				CLANG_CXX_LANGUAGE_STANDARD = "gnu++14";
				CLANG_CXX_LIBRARY = "libc++";
				CLANG_ENABLE_MODULES = YES;
				CLANG_ENABLE_OBJC_ARC = YES;
				CLANG_ENABLE_OBJC_WEAK = YES;
				CLANG_WARN_BLOCK_CAPTURE_AUTORELEASING = YES;
				CLANG_WARN_BOOL_CONVERSION = YES;
				CLANG_WARN_COMMA = YES;
				CLANG_WARN_CONSTANT_CONVERSION = YES;
				CLANG_WARN_DEPRECATED_OBJC_IMPLEMENTATIONS = YES;
				CLANG_WARN_DIRECT_OBJC_ISA_USAGE = YES_ERROR;
				CLANG_WARN_DOCUMENTATION_COMMENTS = YES;
				CLANG_WARN_EMPTY_BODY = YES;
				CLANG_WARN_ENUM_CONVERSION = YES;
				CLANG_WARN_INFINITE_RECURSION = YES;
				CLANG_WARN_INT_CONVERSION = YES;
				CLANG_WARN_NON_LITERAL_NULL_CONVERSION = YES;
				CLANG_WARN_OBJC_IMPLICIT_RETAIN_SELF = YES;
				CLANG_WARN_OBJC_LITERAL_CONVERSION = YES;
				CLANG_WARN_OBJC_ROOT_CLASS = YES_ERROR;
				CLANG_WARN_RANGE_LOOP_ANALYSIS = YES;
				CLANG_WARN_STRICT_PROTOTYPES = YES;
				CLANG_WARN_SUSPICIOUS_MOVE = YES;
				CLANG_WARN_UNGUARDED_AVAILABILITY = YES_AGGRESSIVE;
				CLANG_WARN_UNREACHABLE_CODE = YES;
				CLANG_WARN__DUPLICATE_METHOD_MATCH = YES;
				CODE_SIGN_IDENTITY = "iPhone Developer";
				COPY_PHASE_STRIP = NO;
				DEBUG_INFORMATION_FORMAT = dwarf;
				ENABLE_STRICT_OBJC_MSGSEND = YES;
				ENABLE_TESTABILITY = YES;
				GCC_C_LANGUAGE_STANDARD = gnu11;
				GCC_DYNAMIC_NO_PIC = NO;
				GCC_NO_COMMON_BLOCKS = YES;
				GCC_OPTIMIZATION_LEVEL = 0;
				GCC_PREPROCESSOR_DEFINITIONS = (
					"DEBUG=1",
					"$(inherited)",
				);
				GCC_WARN_64_TO_32_BIT_CONVERSION = YES;
				GCC_WARN_ABOUT_RETURN_TYPE = YES_ERROR;
				GCC_WARN_UNDECLARED_SELECTOR = YES;
				GCC_WARN_UNINITIALIZED_AUTOS = YES_AGGRESSIVE;
				GCC_WARN_UNUSED_FUNCTION = YES;
				GCC_WARN_UNUSED_VARIABLE = YES;
				IPHONEOS_DEPLOYMENT_TARGET = 12.0;
				MTL_ENABLE_DEBUG_INFO = INCLUDE_SOURCE;
				MTL_FAST_MATH = YES;
				ONLY_ACTIVE_ARCH = YES;
				SDKROOT = iphoneos;
				SWIFT_ACTIVE_COMPILATION_CONDITIONS = DEBUG;
				SWIFT_OPTIMIZATION_LEVEL = "-Onone";
			};
			name = Debug;
		};
		5634BCB721DA5C1600F41973 /* Release */ = {
			isa = XCBuildConfiguration;
			buildSettings = {
				ALWAYS_SEARCH_USER_PATHS = NO;
				CLANG_ANALYZER_NONNULL = YES;
				CLANG_ANALYZER_NUMBER_OBJECT_CONVERSION = YES_AGGRESSIVE;
				CLANG_CXX_LANGUAGE_STANDARD = "gnu++14";
				CLANG_CXX_LIBRARY = "libc++";
				CLANG_ENABLE_MODULES = YES;
				CLANG_ENABLE_OBJC_ARC = YES;
				CLANG_ENABLE_OBJC_WEAK = YES;
				CLANG_WARN_BLOCK_CAPTURE_AUTORELEASING = YES;
				CLANG_WARN_BOOL_CONVERSION = YES;
				CLANG_WARN_COMMA = YES;
				CLANG_WARN_CONSTANT_CONVERSION = YES;
				CLANG_WARN_DEPRECATED_OBJC_IMPLEMENTATIONS = YES;
				CLANG_WARN_DIRECT_OBJC_ISA_USAGE = YES_ERROR;
				CLANG_WARN_DOCUMENTATION_COMMENTS = YES;
				CLANG_WARN_EMPTY_BODY = YES;
				CLANG_WARN_ENUM_CONVERSION = YES;
				CLANG_WARN_INFINITE_RECURSION = YES;
				CLANG_WARN_INT_CONVERSION = YES;
				CLANG_WARN_NON_LITERAL_NULL_CONVERSION = YES;
				CLANG_WARN_OBJC_IMPLICIT_RETAIN_SELF = YES;
				CLANG_WARN_OBJC_LITERAL_CONVERSION = YES;
				CLANG_WARN_OBJC_ROOT_CLASS = YES_ERROR;
				CLANG_WARN_RANGE_LOOP_ANALYSIS = YES;
				CLANG_WARN_STRICT_PROTOTYPES = YES;
				CLANG_WARN_SUSPICIOUS_MOVE = YES;
				CLANG_WARN_UNGUARDED_AVAILABILITY = YES_AGGRESSIVE;
				CLANG_WARN_UNREACHABLE_CODE = YES;
				CLANG_WARN__DUPLICATE_METHOD_MATCH = YES;
				CODE_SIGN_IDENTITY = "iPhone Developer";
				COPY_PHASE_STRIP = NO;
				DEBUG_INFORMATION_FORMAT = "dwarf-with-dsym";
				ENABLE_NS_ASSERTIONS = NO;
				ENABLE_STRICT_OBJC_MSGSEND = YES;
				GCC_C_LANGUAGE_STANDARD = gnu11;
				GCC_NO_COMMON_BLOCKS = YES;
				GCC_WARN_64_TO_32_BIT_CONVERSION = YES;
				GCC_WARN_ABOUT_RETURN_TYPE = YES_ERROR;
				GCC_WARN_UNDECLARED_SELECTOR = YES;
				GCC_WARN_UNINITIALIZED_AUTOS = YES_AGGRESSIVE;
				GCC_WARN_UNUSED_FUNCTION = YES;
				GCC_WARN_UNUSED_VARIABLE = YES;
				IPHONEOS_DEPLOYMENT_TARGET = 12.0;
				MTL_ENABLE_DEBUG_INFO = NO;
				MTL_FAST_MATH = YES;
				SDKROOT = iphoneos;
				SWIFT_COMPILATION_MODE = wholemodule;
				SWIFT_OPTIMIZATION_LEVEL = "-O";
				VALIDATE_PRODUCT = YES;
			};
			name = Release;
		};
		5634BCB921DA5C1600F41973 /* Debug */ = {
			isa = XCBuildConfiguration;
			baseConfigurationReference = 0DD3A87B22361D67EC1A9785 /* Pods-DouYuZB.debug.xcconfig */;
			buildSettings = {
				ASSETCATALOG_COMPILER_APPICON_NAME = AppIcon;
				ASSETCATALOG_COMPILER_LAUNCHIMAGE_NAME = LaunchImage;
				CLANG_ENABLE_MODULES = YES;
				CODE_SIGN_STYLE = Automatic;
				INFOPLIST_FILE = DouYuZB/Info.plist;
				LD_RUNPATH_SEARCH_PATHS = (
					"$(inherited)",
					"@executable_path/Frameworks",
				);
				PRODUCT_BUNDLE_IDENTIFIER = com.chinarzz.DouYuZB;
				PRODUCT_NAME = "$(TARGET_NAME)";
				SWIFT_OPTIMIZATION_LEVEL = "-Onone";
				SWIFT_VERSION = 4.2;
				TARGETED_DEVICE_FAMILY = 1;
			};
			name = Debug;
		};
		5634BCBA21DA5C1600F41973 /* Release */ = {
			isa = XCBuildConfiguration;
			baseConfigurationReference = 30792BFC4538C0AC7127C5E6 /* Pods-DouYuZB.release.xcconfig */;
			buildSettings = {
				ASSETCATALOG_COMPILER_APPICON_NAME = AppIcon;
				ASSETCATALOG_COMPILER_LAUNCHIMAGE_NAME = LaunchImage;
				CLANG_ENABLE_MODULES = YES;
				CODE_SIGN_STYLE = Automatic;
				INFOPLIST_FILE = DouYuZB/Info.plist;
				LD_RUNPATH_SEARCH_PATHS = (
					"$(inherited)",
					"@executable_path/Frameworks",
				);
				PRODUCT_BUNDLE_IDENTIFIER = com.chinarzz.DouYuZB;
				PRODUCT_NAME = "$(TARGET_NAME)";
				SWIFT_VERSION = 4.2;
				TARGETED_DEVICE_FAMILY = 1;
			};
			name = Release;
		};
/* End XCBuildConfiguration section */

/* Begin XCConfigurationList section */
		5634BCA121DA5C1500F41973 /* Build configuration list for PBXProject "DouYuZB" */ = {
			isa = XCConfigurationList;
			buildConfigurations = (
				5634BCB621DA5C1600F41973 /* Debug */,
				5634BCB721DA5C1600F41973 /* Release */,
			);
			defaultConfigurationIsVisible = 0;
			defaultConfigurationName = Release;
		};
		5634BCB821DA5C1600F41973 /* Build configuration list for PBXNativeTarget "DouYuZB" */ = {
			isa = XCConfigurationList;
			buildConfigurations = (
				5634BCB921DA5C1600F41973 /* Debug */,
				5634BCBA21DA5C1600F41973 /* Release */,
			);
			defaultConfigurationIsVisible = 0;
			defaultConfigurationName = Release;
		};
/* End XCConfigurationList section */
	};
	rootObject = 5634BC9E21DA5C1500F41973 /* Project object */;
}
